<?xml version="1.0" encoding="utf-8"?>
<Project ToolsVersion="4.0" xmlns="http://schemas.microsoft.com/developer/msbuild/2003">
  <ItemGroup>
    <Filter Include="Source Files">
      <UniqueIdentifier>{4FC737F1-C7A5-4376-A066-2A32D752A2FF}</UniqueIdentifier>
      <Extensions>cpp;c;cc;cxx;c++;cppm;ixx;def;odl;idl;hpj;bat;asm;asmx</Extensions>
    </Filter>
    <Filter Include="Header Files">
      <UniqueIdentifier>{93995380-89BD-4b04-88EB-625FBE52EBFB}</UniqueIdentifier>
      <Extensions>h;hh;hpp;hxx;h++;hm;inl;inc;ipp;xsd</Extensions>
    </Filter>
    <Filter Include="Resource Files">
      <UniqueIdentifier>{67DA6AB6-F800-4c08-8B7A-83BB121AAD01}</UniqueIdentifier>
      <Extensions>rc;ico;cur;bmp;dlg;rc2;rct;bin;rgs;gif;jpg;jpeg;jpe;resx;tiff;tif;png;wav;mfcribbon-ms</Extensions>
    </Filter>
  </ItemGroup>
  <ItemGroup>
    <ClCompile Include="Tarea 2.cpp">
      <Filter>Source Files</Filter>
    </ClCompile>
    <ClCompile Include="FuncionesPersona.cpp">
      <Filter>Source Files</Filter>
    </ClCompile>
    <ClCompile Include="FuncionesTrabajador.cpp">
      <Filter>Source Files</Filter>
    </ClCompile>
    <ClCompile Include="FuncionesCuentaBancaria.cpp">
      <Filter>Source Files</Filter>
    </ClCompile>
    <ClCompile Include="FuncionesCuentaCorriente.cpp">
      <Filter>Source Files</Filter>
    </ClCompile>
    <ClCompile Include="FuncionesCuentaAhorro.cpp">
      <Filter>Source Files</Filter>
    </ClCompile>
    <ClCompile Include="FuncionesVehiculo.cpp">
      <Filter>Source Files</Filter>
    </ClCompile>
    <ClCompile Include="FuncionesCoche.cpp">
      <Filter>Source Files</Filter>
    </ClCompile>
    <ClCompile Include="FuncionesMoto.cpp">
      <Filter>Source Files</Filter>
    </ClCompile>
    <ClCompile Include="FuncionesEmpleado.cpp">
      <Filter>Source Files</Filter>
    </ClCompile>
    <ClCompile Include="FuncionesFiguraGeometrica.cpp">
      <Filter>Source Files</Filter>
    </ClCompile>
    <ClCompile Include="FuncionesTriangulo.cpp">
      <Filter>Source Files</Filter>
    </ClCompile>
    <ClCompile Include="FuncionesCuadrado.cpp">
      <Filter>Source Files</Filter>
    </ClCompile>
    <ClCompile Include="FuncionesCirculo.cpp">
      <Filter>Source Files</Filter>
    </ClCompile>
    <ClCompile Include="FuncionesAnimal.cpp">
      <Filter>Source Files</Filter>
    </ClCompile>
    <ClCompile Include="FuncionesPerro.cpp">
      <Filter>Source Files</Filter>
    </ClCompile>
    <ClCompile Include="FuncionesGato.cpp">
      <Filter>Source Files</Filter>
    </ClCompile>
    <ClCompile Include="FuncionesEstudiante.cpp">
      <Filter>Source Files</Filter>
    </ClCompile>
    <ClCompile Include="FuncionesGrupo.cpp">
      <Filter>Source Files</Filter>
    </ClCompile>
    <ClCompile Include="FuncionesVeterinario.cpp">
      <Filter>Source Files</Filter>
    </ClCompile>
    <ClCompile Include="FuncionesPelicula.cpp">
      <Filter>Source Files</Filter>
    </ClCompile>
    <ClCompile Include="FuncionesAlquiler.cpp">
      <Filter>Source Files</Filter>
    </ClCompile>
    <ClCompile Include="FuncionesProducto.cpp">
      <Filter>Source Files</Filter>
    </ClCompile>
    <ClCompile Include="FuncionesCarritoDeCompras.cpp">
      <Filter>Source Files</Filter>
    </ClCompile>
  </ItemGroup>
  <ItemGroup>
    <ClInclude Include="Persona.h">
      <Filter>Header Files</Filter>
    </ClInclude>
    <ClInclude Include="Trabajador.h">
      <Filter>Header Files</Filter>
    </ClInclude>
    <ClInclude Include="CuentaBancaria.h">
      <Filter>Header Files</Filter>
    </ClInclude>
    <ClInclude Include="CuentaCorriente.h">
      <Filter>Header Files</Filter>
    </ClInclude>
    <ClInclude Include="CuentaAhorro.h">
      <Filter>Header Files</Filter>
    </ClInclude>
    <ClInclude Include="Vehiculo.h">
      <Filter>Header Files</Filter>
    </ClInclude>
    <ClInclude Include="Coche.h">
      <Filter>Header Files</Filter>
    </ClInclude>
    <ClInclude Include="Moto.h">
      <Filter>Header Files</Filter>
    </ClInclude>
    <ClInclude Include="Empleado.h">
      <Filter>Header Files</Filter>
    </ClInclude>
    <ClInclude Include="FiguraGeometrica.h">
      <Filter>Header Files</Filter>
    </ClInclude>
    <ClInclude Include="Triangulo.h">
      <Filter>Header Files</Filter>
    </ClInclude>
    <ClInclude Include="Cuadrado.h">
      <Filter>Header Files</Filter>
    </ClInclude>
    <ClInclude Include="Circulo.h">
      <Filter>Header Files</Filter>
    </ClInclude>
    <ClInclude Include="Animal.h">
      <Filter>Header Files</Filter>
    </ClInclude>
    <ClInclude Include="Perro.h">
      <Filter>Header Files</Filter>
    </ClInclude>
    <ClInclude Include="Gato.h">
      <Filter>Header Files</Filter>
    </ClInclude>
    <ClInclude Include="Estudiante.h">
      <Filter>Header Files</Filter>
    </ClInclude>
    <ClInclude Include="Grupo.h">
      <Filter>Header Files</Filter>
    </ClInclude>
    <ClInclude Include="Veterinario.h">
      <Filter>Header Files</Filter>
    </ClInclude>
    <ClInclude Include="Pelicula.h">
      <Filter>Header Files</Filter>
    </ClInclude>
    <ClInclude Include="Alquiler.h">
      <Filter>Header Files</Filter>
    </ClInclude>
    <ClInclude Include="Producto.h">
      <Filter>Header Files</Filter>
    </ClInclude>
    <ClInclude Include="CarritoDeCompras.h">
      <Filter>Header Files</Filter>
    </ClInclude>
  </ItemGroup>
</Project>