
Microsoft Visual Studio Solution File, Format Version 12.00
# Visual Studio Version 17
VisualStudioVersion = 17.3.32922.545
MinimumVisualStudioVersion = 10.0.40219.1
Project("{8BC9CEB8-8B4A-11D0-8D11-00A0C91BC942}") = "Ejercicio-8", "Ejercicio-8.vcxproj", "{E8F40569-22B9-46BE-8945-F927C01A0507}"
EndProject
Global
	GlobalSection(SolutionConfigurationPlatforms) = preSolution
		Debug|x64 = Debug|x64
		Debug|x86 = Debug|x86
		Release|x64 = Release|x64
		Release|x86 = Release|x86
	EndGlobalSection
	GlobalSection(ProjectConfigurationPlatforms) = postSolution
		{E8F40569-22B9-46BE-8945-F927C01A0507}.Debug|x64.ActiveCfg = Debug|x64
		{E8F40569-22B9-46BE-8945-F927C01A0507}.Debug|x64.Build.0 = Debug|x64
		{E8F40569-22B9-46BE-8945-F927C01A0507}.Debug|x86.ActiveCfg = Debug|Win32
		{E8F40569-22B9-46BE-8945-F927C01A0507}.Debug|x86.Build.0 = Debug|Win32
		{E8F40569-22B9-46BE-8945-F927C01A0507}.Release|x64.ActiveCfg = Release|x64
		{E8F40569-22B9-46BE-8945-F927C01A0507}.Release|x64.Build.0 = Release|x64
		{E8F40569-22B9-46BE-8945-F927C01A0507}.Release|x86.ActiveCfg = Release|Win32
		{E8F40569-22B9-46BE-8945-F927C01A0507}.Release|x86.Build.0 = Release|Win32
	EndGlobalSection
	GlobalSection(SolutionProperties) = preSolution
		HideSolutionNode = FALSE
	EndGlobalSection
	GlobalSection(ExtensibilityGlobals) = postSolution
		SolutionGuid = {8361707D-448A-471D-998C-DBBFBCE21804}
	EndGlobalSection
EndGlobal
