
Microsoft Visual Studio Solution File, Format Version 12.00
# Visual Studio Version 17
VisualStudioVersion = 17.3.32922.545
MinimumVisualStudioVersion = 10.0.40219.1
Project("{FAE04EC0-301F-11D3-BF4B-00C04F79EFBC}") = "Calculadora", "Calculadora.csproj", "{1C0BD3C7-AB53-4ECD-BA30-70C2734DB073}"
EndProject
Global
	GlobalSection(SolutionConfigurationPlatforms) = preSolution
		Debug|Any CPU = Debug|Any CPU
		Release|Any CPU = Release|Any CPU
	EndGlobalSection
	GlobalSection(ProjectConfigurationPlatforms) = postSolution
		{1C0BD3C7-AB53-4ECD-BA30-70C2734DB073}.Debug|Any CPU.ActiveCfg = Debug|Any CPU
		{1C0BD3C7-AB53-4ECD-BA30-70C2734DB073}.Debug|Any CPU.Build.0 = Debug|Any CPU
		{1C0BD3C7-AB53-4ECD-BA30-70C2734DB073}.Release|Any CPU.ActiveCfg = Release|Any CPU
		{1C0BD3C7-AB53-4ECD-BA30-70C2734DB073}.Release|Any CPU.Build.0 = Release|Any CPU
	EndGlobalSection
	GlobalSection(SolutionProperties) = preSolution
		HideSolutionNode = FALSE
	EndGlobalSection
	GlobalSection(ExtensibilityGlobals) = postSolution
		SolutionGuid = {133C7E18-A7D1-49A6-A986-DF2AAEB79255}
	EndGlobalSection
EndGlobal
